
Microsoft Visual Studio Solution File, Format Version 12.00
# Visual Studio Version 17
VisualStudioVersion = 17.5.002.0
MinimumVisualStudioVersion = 10.0.40219.1
Project("{9A19103F-16F7-4668-BE54-9A1E7A4F7556}") = "factorial", "factorial.csproj", "{912B7AE0-E1D5-4674-BF7E-C91EE68A3CC3}"
EndProject
Global
	GlobalSection(SolutionConfigurationPlatforms) = preSolution
		Debug|Any CPU = Debug|Any CPU
		Release|Any CPU = Release|Any CPU
	EndGlobalSection
	GlobalSection(ProjectConfigurationPlatforms) = postSolution
		{912B7AE0-E1D5-4674-BF7E-C91EE68A3CC3}.Debug|Any CPU.ActiveCfg = Debug|Any CPU
		{912B7AE0-E1D5-4674-BF7E-C91EE68A3CC3}.Debug|Any CPU.Build.0 = Debug|Any CPU
		{912B7AE0-E1D5-4674-BF7E-C91EE68A3CC3}.Release|Any CPU.ActiveCfg = Release|Any CPU
		{912B7AE0-E1D5-4674-BF7E-C91EE68A3CC3}.Release|Any CPU.Build.0 = Release|Any CPU
	EndGlobalSection
	GlobalSection(SolutionProperties) = preSolution
		HideSolutionNode = FALSE
	EndGlobalSection
	GlobalSection(ExtensibilityGlobals) = postSolution
		SolutionGuid = {C26ABAE5-56E6-4D39-AC8C-BBAC8AFBAEF0}
	EndGlobalSection
EndGlobal
