
Microsoft Visual Studio Solution File, Format Version 12.00
# Visual Studio Version 17
VisualStudioVersion = 17.5.002.0
MinimumVisualStudioVersion = 10.0.40219.1
Project("{9A19103F-16F7-4668-BE54-9A1E7A4F7556}") = "PositiveorNot", "PositiveorNot.csproj", "{4EF357B8-28E3-4C44-BCC1-6669AF457846}"
EndProject
Global
	GlobalSection(SolutionConfigurationPlatforms) = preSolution
		Debug|Any CPU = Debug|Any CPU
		Release|Any CPU = Release|Any CPU
	EndGlobalSection
	GlobalSection(ProjectConfigurationPlatforms) = postSolution
		{4EF357B8-28E3-4C44-BCC1-6669AF457846}.Debug|Any CPU.ActiveCfg = Debug|Any CPU
		{4EF357B8-28E3-4C44-BCC1-6669AF457846}.Debug|Any CPU.Build.0 = Debug|Any CPU
		{4EF357B8-28E3-4C44-BCC1-6669AF457846}.Release|Any CPU.ActiveCfg = Release|Any CPU
		{4EF357B8-28E3-4C44-BCC1-6669AF457846}.Release|Any CPU.Build.0 = Release|Any CPU
	EndGlobalSection
	GlobalSection(SolutionProperties) = preSolution
		HideSolutionNode = FALSE
	EndGlobalSection
	GlobalSection(ExtensibilityGlobals) = postSolution
		SolutionGuid = {C4348A4C-A7E7-46AA-AEE8-C78858142C50}
	EndGlobalSection
EndGlobal
